
Microsoft Visual Studio Solution File, Format Version 12.00
# Visual Studio Version 17
VisualStudioVersion = 17.5.002.0
MinimumVisualStudioVersion = 10.0.40219.1
Project("{9A19103F-16F7-4668-BE54-9A1E7A4F7556}") = "Stromen", "Stromen.csproj", "{8F6A5F21-8B79-45A1-BBDD-04FC65370DDE}"
EndProject
Global
	GlobalSection(SolutionConfigurationPlatforms) = preSolution
		Debug|Any CPU = Debug|Any CPU
		Release|Any CPU = Release|Any CPU
	EndGlobalSection
	GlobalSection(ProjectConfigurationPlatforms) = postSolution
		{8F6A5F21-8B79-45A1-BBDD-04FC65370DDE}.Debug|Any CPU.ActiveCfg = Debug|Any CPU
		{8F6A5F21-8B79-45A1-BBDD-04FC65370DDE}.Debug|Any CPU.Build.0 = Debug|Any CPU
		{8F6A5F21-8B79-45A1-BBDD-04FC65370DDE}.Release|Any CPU.ActiveCfg = Release|Any CPU
		{8F6A5F21-8B79-45A1-BBDD-04FC65370DDE}.Release|Any CPU.Build.0 = Release|Any CPU
	EndGlobalSection
	GlobalSection(SolutionProperties) = preSolution
		HideSolutionNode = FALSE
	EndGlobalSection
	GlobalSection(ExtensibilityGlobals) = postSolution
		SolutionGuid = {0B531DBA-E560-4087-8EC7-E50D7C5673BC}
	EndGlobalSection
EndGlobal
